
Microsoft Visual Studio Solution File, Format Version 12.00
# Visual Studio Version 16
VisualStudioVersion = 16.0.29318.209
MinimumVisualStudioVersion = 10.0.40219.1
Project("{2150E333-8FDC-42A3-9474-1A3956D46DE8}") = "Serveur", "Serveur", "{F47A934B-E42D-4665-99CE-01790301E2BE}"
EndProject
Project("{FAE04EC0-301F-11D3-BF4B-00C04F79EFBC}") = "TicketsBasket.Models", "TicketsBasket.Models\TicketsBasket.Models.csproj", "{EB713B20-5BE5-434B-B80F-F78B50588567}"
EndProject
Global
	GlobalSection(SolutionConfigurationPlatforms) = preSolution
		Debug|Any CPU = Debug|Any CPU
		Release|Any CPU = Release|Any CPU
	EndGlobalSection
	GlobalSection(ProjectConfigurationPlatforms) = postSolution
		{EB713B20-5BE5-434B-B80F-F78B50588567}.Debug|Any CPU.ActiveCfg = Debug|Any CPU
		{EB713B20-5BE5-434B-B80F-F78B50588567}.Debug|Any CPU.Build.0 = Debug|Any CPU
		{EB713B20-5BE5-434B-B80F-F78B50588567}.Release|Any CPU.ActiveCfg = Release|Any CPU
		{EB713B20-5BE5-434B-B80F-F78B50588567}.Release|Any CPU.Build.0 = Release|Any CPU
	EndGlobalSection
	GlobalSection(SolutionProperties) = preSolution
		HideSolutionNode = FALSE
	EndGlobalSection
	GlobalSection(NestedProjects) = preSolution
		{EB713B20-5BE5-434B-B80F-F78B50588567} = {F47A934B-E42D-4665-99CE-01790301E2BE}
	EndGlobalSection
	GlobalSection(ExtensibilityGlobals) = postSolution
		SolutionGuid = {2898328D-2E40-4AE5-BA29-48FE7EC372D8}
	EndGlobalSection
EndGlobal
